// !$*UTF8*$!
{
	archiveVersion = 1;
	classes = {
	};
	objectVersion = 48;
	objects = {

/* Begin PBXBuildFile section */
		9416F4281FEA65830001BF9A /* WebRTC.h in Headers */ = {isa = PBXBuildFile; fileRef = 9416F41A1FEA65830001BF9A /* WebRTC.h */; settings = {ATTRIBUTES = (Public, ); }; };
		9416F42F1FEA65940001BF9A /* libWebRTC.a in Frameworks */ = {isa = PBXBuildFile; fileRef = 9416F3A11FEA5A4E0001BF9A /* libWebRTC.a */; };
		9416F4311FEA65F60001BF9A /* libc++.tbd in Frameworks */ = {isa = PBXBuildFile; fileRef = 9416F4301FEA65F60001BF9A /* libc++.tbd */; };
		9416F4331FEA660E0001BF9A /* libicucore.tbd in Frameworks */ = {isa = PBXBuildFile; fileRef = 9416F4321FEA660E0001BF9A /* libicucore.tbd */; };
		9416F4351FEA66170001BF9A /* libsqlite3.tbd in Frameworks */ = {isa = PBXBuildFile; fileRef = 9416F4341FEA66170001BF9A /* libsqlite3.tbd */; };
		9416F4371FEA661D0001BF9A /* Security.framework in Frameworks */ = {isa = PBXBuildFile; fileRef = 9416F4361FEA661D0001BF9A /* Security.framework */; };
		9416F4391FEA66250001BF9A /* CFNetwork.framework in Frameworks */ = {isa = PBXBuildFile; fileRef = 9416F4381FEA66250001BF9A /* CFNetwork.framework */; };
		9416F43B1FEA662D0001BF9A /* GLKit.framework in Frameworks */ = {isa = PBXBuildFile; fileRef = 9416F43A1FEA662D0001BF9A /* GLKit.framework */; };
		9416F43D1FEA66340001BF9A /* AudioToolbox.framework in Frameworks */ = {isa = PBXBuildFile; fileRef = 9416F43C1FEA66330001BF9A /* AudioToolbox.framework */; };
		9416F43F1FEA663A0001BF9A /* AVFoundation.framework in Frameworks */ = {isa = PBXBuildFile; fileRef = 9416F43E1FEA663A0001BF9A /* AVFoundation.framework */; };
		9416F4411FEA66430001BF9A /* CoreAudio.framework in Frameworks */ = {isa = PBXBuildFile; fileRef = 9416F4401FEA66430001BF9A /* CoreAudio.framework */; };
		9416F4431FEA66490001BF9A /* CoreMedia.framework in Frameworks */ = {isa = PBXBuildFile; fileRef = 9416F4421FEA66490001BF9A /* CoreMedia.framework */; };
		9416F4451FEA664F0001BF9A /* CoreVideo.framework in Frameworks */ = {isa = PBXBuildFile; fileRef = 9416F4441FEA664E0001BF9A /* CoreVideo.framework */; };
		9416F4471FEA66560001BF9A /* CoreGraphics.framework in Frameworks */ = {isa = PBXBuildFile; fileRef = 9416F4461FEA66560001BF9A /* CoreGraphics.framework */; };
		9416F4491FEA66600001BF9A /* OpenGLES.framework in Frameworks */ = {isa = PBXBuildFile; fileRef = 9416F4481FEA665F0001BF9A /* OpenGLES.framework */; };
		9416F44B1FEA66650001BF9A /* QuartzCore.framework in Frameworks */ = {isa = PBXBuildFile; fileRef = 9416F44A1FEA66650001BF9A /* QuartzCore.framework */; };
/* End PBXBuildFile section */

/* Begin PBXFileReference section */
		9416F3A11FEA5A4E0001BF9A /* libWebRTC.a */ = {isa = PBXFileReference; lastKnownFileType = archive.ar; path = libWebRTC.a; sourceTree = "<group>"; };
		9416F3A31FEA5A4E0001BF9A /* RTCPair.h */ = {isa = PBXFileReference; lastKnownFileType = sourcecode.c.h; path = RTCPair.h; sourceTree = "<group>"; };
		9416F3A41FEA5A4E0001BF9A /* RTCAVFoundationVideoSource.h */ = {isa = PBXFileReference; lastKnownFileType = sourcecode.c.h; path = RTCAVFoundationVideoSource.h; sourceTree = "<group>"; };
		9416F3A51FEA5A4E0001BF9A /* RTCStatsReport.h */ = {isa = PBXFileReference; lastKnownFileType = sourcecode.c.h; path = RTCStatsReport.h; sourceTree = "<group>"; };
		9416F3A61FEA5A4E0001BF9A /* RTCPeerConnectionDelegate.h */ = {isa = PBXFileReference; lastKnownFileType = sourcecode.c.h; path = RTCPeerConnectionDelegate.h; sourceTree = "<group>"; };
		9416F3A71FEA5A4E0001BF9A /* RTCSessionDescription.h */ = {isa = PBXFileReference; lastKnownFileType = sourcecode.c.h; path = RTCSessionDescription.h; sourceTree = "<group>"; };
		9416F3A81FEA5A4E0001BF9A /* RTCVideoCapturer.h */ = {isa = PBXFileReference; lastKnownFileType = sourcecode.c.h; path = RTCVideoCapturer.h; sourceTree = "<group>"; };
		9416F3A91FEA5A4E0001BF9A /* RTCVideoSource.h */ = {isa = PBXFileReference; lastKnownFileType = sourcecode.c.h; path = RTCVideoSource.h; sourceTree = "<group>"; };
		9416F3AA1FEA5A4E0001BF9A /* RTCICEServer.h */ = {isa = PBXFileReference; lastKnownFileType = sourcecode.c.h; path = RTCICEServer.h; sourceTree = "<group>"; };
		9416F3AB1FEA5A4E0001BF9A /* RTCMediaConstraints.h */ = {isa = PBXFileReference; lastKnownFileType = sourcecode.c.h; path = RTCMediaConstraints.h; sourceTree = "<group>"; };
		9416F3AC1FEA5A4E0001BF9A /* RTCMediaStreamTrack.h */ = {isa = PBXFileReference; lastKnownFileType = sourcecode.c.h; path = RTCMediaStreamTrack.h; sourceTree = "<group>"; };
		9416F3AD1FEA5A4E0001BF9A /* RTCVideoTrack.h */ = {isa = PBXFileReference; lastKnownFileType = sourcecode.c.h; path = RTCVideoTrack.h; sourceTree = "<group>"; };
		9416F3AE1FEA5A4E0001BF9A /* RTCVideoRenderer.h */ = {isa = PBXFileReference; lastKnownFileType = sourcecode.c.h; path = RTCVideoRenderer.h; sourceTree = "<group>"; };
		9416F3AF1FEA5A4E0001BF9A /* RTCEAGLVideoView.h */ = {isa = PBXFileReference; lastKnownFileType = sourcecode.c.h; path = RTCEAGLVideoView.h; sourceTree = "<group>"; };
		9416F3B01FEA5A4E0001BF9A /* RTCNSGLVideoView.h */ = {isa = PBXFileReference; lastKnownFileType = sourcecode.c.h; path = RTCNSGLVideoView.h; sourceTree = "<group>"; };
		9416F3B11FEA5A4E0001BF9A /* RTCAudioTrack.h */ = {isa = PBXFileReference; lastKnownFileType = sourcecode.c.h; path = RTCAudioTrack.h; sourceTree = "<group>"; };
		9416F3B21FEA5A4E0001BF9A /* RTCDataChannel.h */ = {isa = PBXFileReference; lastKnownFileType = sourcecode.c.h; path = RTCDataChannel.h; sourceTree = "<group>"; };
		9416F3B31FEA5A4E0001BF9A /* RTCI420Frame.h */ = {isa = PBXFileReference; lastKnownFileType = sourcecode.c.h; path = RTCI420Frame.h; sourceTree = "<group>"; };
		9416F3B41FEA5A4E0001BF9A /* RTCSessionDescriptionDelegate.h */ = {isa = PBXFileReference; lastKnownFileType = sourcecode.c.h; path = RTCSessionDescriptionDelegate.h; sourceTree = "<group>"; };
		9416F3B51FEA5A4E0001BF9A /* RTCFileLogger.h */ = {isa = PBXFileReference; lastKnownFileType = sourcecode.c.h; path = RTCFileLogger.h; sourceTree = "<group>"; };
		9416F3B61FEA5A4E0001BF9A /* RTCAudioSource.h */ = {isa = PBXFileReference; lastKnownFileType = sourcecode.c.h; path = RTCAudioSource.h; sourceTree = "<group>"; };
		9416F3B71FEA5A4E0001BF9A /* RTCPeerConnection.h */ = {isa = PBXFileReference; lastKnownFileType = sourcecode.c.h; path = RTCPeerConnection.h; sourceTree = "<group>"; };
		9416F3B81FEA5A4E0001BF9A /* RTCPeerConnectionFactory.h */ = {isa = PBXFileReference; lastKnownFileType = sourcecode.c.h; path = RTCPeerConnectionFactory.h; sourceTree = "<group>"; };
		9416F3B91FEA5A4E0001BF9A /* RTCMediaStream.h */ = {isa = PBXFileReference; lastKnownFileType = sourcecode.c.h; path = RTCMediaStream.h; sourceTree = "<group>"; };
		9416F3BA1FEA5A4E0001BF9A /* RTCLogging.h */ = {isa = PBXFileReference; lastKnownFileType = sourcecode.c.h; path = RTCLogging.h; sourceTree = "<group>"; };
		9416F3BB1FEA5A4E0001BF9A /* RTCTypes.h */ = {isa = PBXFileReference; lastKnownFileType = sourcecode.c.h; path = RTCTypes.h; sourceTree = "<group>"; };
		9416F3BC1FEA5A4E0001BF9A /* RTCICECandidate.h */ = {isa = PBXFileReference; lastKnownFileType = sourcecode.c.h; path = RTCICECandidate.h; sourceTree = "<group>"; };
		9416F3BD1FEA5A4E0001BF9A /* RTCMediaSource.h */ = {isa = PBXFileReference; lastKnownFileType = sourcecode.c.h; path = RTCMediaSource.h; sourceTree = "<group>"; };
		9416F3BE1FEA5A4E0001BF9A /* RTCStatsDelegate.h */ = {isa = PBXFileReference; lastKnownFileType = sourcecode.c.h; path = RTCStatsDelegate.h; sourceTree = "<group>"; };
		9416F3BF1FEA5A4E0001BF9A /* RTCPeerConnectionInterface.h */ = {isa = PBXFileReference; lastKnownFileType = sourcecode.c.h; path = RTCPeerConnectionInterface.h; sourceTree = "<group>"; };
		9416F3C01FEA5A4E0001BF9A /* RTCOpenGLVideoRenderer.h */ = {isa = PBXFileReference; lastKnownFileType = sourcecode.c.h; path = RTCOpenGLVideoRenderer.h; sourceTree = "<group>"; };
		9416F4181FEA65830001BF9A /* WebRTC.framework */ = {isa = PBXFileReference; explicitFileType = wrapper.framework; includeInIndex = 0; path = WebRTC.framework; sourceTree = BUILT_PRODUCTS_DIR; };
		9416F41A1FEA65830001BF9A /* WebRTC.h */ = {isa = PBXFileReference; lastKnownFileType = sourcecode.c.h; path = WebRTC.h; sourceTree = "<group>"; };
		9416F41B1FEA65830001BF9A /* Info.plist */ = {isa = PBXFileReference; lastKnownFileType = text.plist.xml; path = Info.plist; sourceTree = "<group>"; };
		9416F4301FEA65F60001BF9A /* libc++.tbd */ = {isa = PBXFileReference; lastKnownFileType = "sourcecode.text-based-dylib-definition"; name = "libc++.tbd"; path = "Platforms/iPhoneOS.platform/Developer/SDKs/iPhoneOS11.2.sdk/usr/lib/libc++.tbd"; sourceTree = DEVELOPER_DIR; };
		9416F4321FEA660E0001BF9A /* libicucore.tbd */ = {isa = PBXFileReference; lastKnownFileType = "sourcecode.text-based-dylib-definition"; name = libicucore.tbd; path = Platforms/iPhoneOS.platform/Developer/SDKs/iPhoneOS11.2.sdk/usr/lib/libicucore.tbd; sourceTree = DEVELOPER_DIR; };
		9416F4341FEA66170001BF9A /* libsqlite3.tbd */ = {isa = PBXFileReference; lastKnownFileType = "sourcecode.text-based-dylib-definition"; name = libsqlite3.tbd; path = Platforms/iPhoneOS.platform/Developer/SDKs/iPhoneOS11.2.sdk/usr/lib/libsqlite3.tbd; sourceTree = DEVELOPER_DIR; };
		9416F4361FEA661D0001BF9A /* Security.framework */ = {isa = PBXFileReference; lastKnownFileType = wrapper.framework; name = Security.framework; path = Platforms/iPhoneOS.platform/Developer/SDKs/iPhoneOS11.2.sdk/System/Library/Frameworks/Security.framework; sourceTree = DEVELOPER_DIR; };
		9416F4381FEA66250001BF9A /* CFNetwork.framework */ = {isa = PBXFileReference; lastKnownFileType = wrapper.framework; name = CFNetwork.framework; path = Platforms/iPhoneOS.platform/Developer/SDKs/iPhoneOS11.2.sdk/System/Library/Frameworks/CFNetwork.framework; sourceTree = DEVELOPER_DIR; };
		9416F43A1FEA662D0001BF9A /* GLKit.framework */ = {isa = PBXFileReference; lastKnownFileType = wrapper.framework; name = GLKit.framework; path = Platforms/iPhoneOS.platform/Developer/SDKs/iPhoneOS11.2.sdk/System/Library/Frameworks/GLKit.framework; sourceTree = DEVELOPER_DIR; };
		9416F43C1FEA66330001BF9A /* AudioToolbox.framework */ = {isa = PBXFileReference; lastKnownFileType = wrapper.framework; name = AudioToolbox.framework; path = Platforms/iPhoneOS.platform/Developer/SDKs/iPhoneOS11.2.sdk/System/Library/Frameworks/AudioToolbox.framework; sourceTree = DEVELOPER_DIR; };
		9416F43E1FEA663A0001BF9A /* AVFoundation.framework */ = {isa = PBXFileReference; lastKnownFileType = wrapper.framework; name = AVFoundation.framework; path = Platforms/iPhoneOS.platform/Developer/SDKs/iPhoneOS11.2.sdk/System/Library/Frameworks/AVFoundation.framework; sourceTree = DEVELOPER_DIR; };
		9416F4401FEA66430001BF9A /* CoreAudio.framework */ = {isa = PBXFileReference; lastKnownFileType = wrapper.framework; name = CoreAudio.framework; path = Platforms/iPhoneOS.platform/Developer/SDKs/iPhoneOS11.2.sdk/System/Library/Frameworks/CoreAudio.framework; sourceTree = DEVELOPER_DIR; };
		9416F4421FEA66490001BF9A /* CoreMedia.framework */ = {isa = PBXFileReference; lastKnownFileType = wrapper.framework; name = CoreMedia.framework; path = Platforms/iPhoneOS.platform/Developer/SDKs/iPhoneOS11.2.sdk/System/Library/Frameworks/CoreMedia.framework; sourceTree = DEVELOPER_DIR; };
		9416F4441FEA664E0001BF9A /* CoreVideo.framework */ = {isa = PBXFileReference; lastKnownFileType = wrapper.framework; name = CoreVideo.framework; path = Platforms/iPhoneOS.platform/Developer/SDKs/iPhoneOS11.2.sdk/System/Library/Frameworks/CoreVideo.framework; sourceTree = DEVELOPER_DIR; };
		9416F4461FEA66560001BF9A /* CoreGraphics.framework */ = {isa = PBXFileReference; lastKnownFileType = wrapper.framework; name = CoreGraphics.framework; path = Platforms/iPhoneOS.platform/Developer/SDKs/iPhoneOS11.2.sdk/System/Library/Frameworks/CoreGraphics.framework; sourceTree = DEVELOPER_DIR; };
		9416F4481FEA665F0001BF9A /* OpenGLES.framework */ = {isa = PBXFileReference; lastKnownFileType = wrapper.framework; name = OpenGLES.framework; path = Platforms/iPhoneOS.platform/Developer/SDKs/iPhoneOS11.2.sdk/System/Library/Frameworks/OpenGLES.framework; sourceTree = DEVELOPER_DIR; };
		9416F44A1FEA66650001BF9A /* QuartzCore.framework */ = {isa = PBXFileReference; lastKnownFileType = wrapper.framework; name = QuartzCore.framework; path = Platforms/iPhoneOS.platform/Developer/SDKs/iPhoneOS11.2.sdk/System/Library/Frameworks/QuartzCore.framework; sourceTree = DEVELOPER_DIR; };
/* End PBXFileReference section */

/* Begin PBXFrameworksBuildPhase section */
		9416F4141FEA65830001BF9A /* Frameworks */ = {
			isa = PBXFrameworksBuildPhase;
			buildActionMask = 2147483647;
			files = (
				9416F44B1FEA66650001BF9A /* QuartzCore.framework in Frameworks */,
				9416F4491FEA66600001BF9A /* OpenGLES.framework in Frameworks */,
				9416F4471FEA66560001BF9A /* CoreGraphics.framework in Frameworks */,
				9416F4451FEA664F0001BF9A /* CoreVideo.framework in Frameworks */,
				9416F4431FEA66490001BF9A /* CoreMedia.framework in Frameworks */,
				9416F4411FEA66430001BF9A /* CoreAudio.framework in Frameworks */,
				9416F43F1FEA663A0001BF9A /* AVFoundation.framework in Frameworks */,
				9416F43D1FEA66340001BF9A /* AudioToolbox.framework in Frameworks */,
				9416F43B1FEA662D0001BF9A /* GLKit.framework in Frameworks */,
				9416F4391FEA66250001BF9A /* CFNetwork.framework in Frameworks */,
				9416F4371FEA661D0001BF9A /* Security.framework in Frameworks */,
				9416F4351FEA66170001BF9A /* libsqlite3.tbd in Frameworks */,
				9416F4331FEA660E0001BF9A /* libicucore.tbd in Frameworks */,
				9416F4311FEA65F60001BF9A /* libc++.tbd in Frameworks */,
				9416F42F1FEA65940001BF9A /* libWebRTC.a in Frameworks */,
			);
			runOnlyForDeploymentPostprocessing = 0;
		};
/* End PBXFrameworksBuildPhase section */

/* Begin PBXGroup section */
		9416F39A1FEA5A150001BF9A = {
			isa = PBXGroup;
			children = (
				9416F3A21FEA5A4E0001BF9A /* Headers */,
				9416F3A11FEA5A4E0001BF9A /* libWebRTC.a */,
				9416F4191FEA65830001BF9A /* WebRTC */,
				9416F3CA1FEA5C580001BF9A /* Products */,
				9416F3E21FEA5CC90001BF9A /* Frameworks */,
			);
			sourceTree = "<group>";
		};
		9416F3A21FEA5A4E0001BF9A /* Headers */ = {
			isa = PBXGroup;
			children = (
				9416F3A31FEA5A4E0001BF9A /* RTCPair.h */,
				9416F3A41FEA5A4E0001BF9A /* RTCAVFoundationVideoSource.h */,
				9416F3A51FEA5A4E0001BF9A /* RTCStatsReport.h */,
				9416F3A61FEA5A4E0001BF9A /* RTCPeerConnectionDelegate.h */,
				9416F3A71FEA5A4E0001BF9A /* RTCSessionDescription.h */,
				9416F3A81FEA5A4E0001BF9A /* RTCVideoCapturer.h */,
				9416F3A91FEA5A4E0001BF9A /* RTCVideoSource.h */,
				9416F3AA1FEA5A4E0001BF9A /* RTCICEServer.h */,
				9416F3AB1FEA5A4E0001BF9A /* RTCMediaConstraints.h */,
				9416F3AC1FEA5A4E0001BF9A /* RTCMediaStreamTrack.h */,
				9416F3AD1FEA5A4E0001BF9A /* RTCVideoTrack.h */,
				9416F3AE1FEA5A4E0001BF9A /* RTCVideoRenderer.h */,
				9416F3AF1FEA5A4E0001BF9A /* RTCEAGLVideoView.h */,
				9416F3B01FEA5A4E0001BF9A /* RTCNSGLVideoView.h */,
				9416F3B11FEA5A4E0001BF9A /* RTCAudioTrack.h */,
				9416F3B21FEA5A4E0001BF9A /* RTCDataChannel.h */,
				9416F3B31FEA5A4E0001BF9A /* RTCI420Frame.h */,
				9416F3B41FEA5A4E0001BF9A /* RTCSessionDescriptionDelegate.h */,
				9416F3B51FEA5A4E0001BF9A /* RTCFileLogger.h */,
				9416F3B61FEA5A4E0001BF9A /* RTCAudioSource.h */,
				9416F3B71FEA5A4E0001BF9A /* RTCPeerConnection.h */,
				9416F3B81FEA5A4E0001BF9A /* RTCPeerConnectionFactory.h */,
				9416F3B91FEA5A4E0001BF9A /* RTCMediaStream.h */,
				9416F3BA1FEA5A4E0001BF9A /* RTCLogging.h */,
				9416F3BB1FEA5A4E0001BF9A /* RTCTypes.h */,
				9416F3BC1FEA5A4E0001BF9A /* RTCICECandidate.h */,
				9416F3BD1FEA5A4E0001BF9A /* RTCMediaSource.h */,
				9416F3BE1FEA5A4E0001BF9A /* RTCStatsDelegate.h */,
				9416F3BF1FEA5A4E0001BF9A /* RTCPeerConnectionInterface.h */,
				9416F3C01FEA5A4E0001BF9A /* RTCOpenGLVideoRenderer.h */,
			);
			path = Headers;
			sourceTree = "<group>";
		};
		9416F3CA1FEA5C580001BF9A /* Products */ = {
			isa = PBXGroup;
			children = (
				9416F4181FEA65830001BF9A /* WebRTC.framework */,
			);
			name = Products;
			sourceTree = "<group>";
		};
		9416F3E21FEA5CC90001BF9A /* Frameworks */ = {
			isa = PBXGroup;
			children = (
				9416F44A1FEA66650001BF9A /* QuartzCore.framework */,
				9416F4481FEA665F0001BF9A /* OpenGLES.framework */,
				9416F4461FEA66560001BF9A /* CoreGraphics.framework */,
				9416F4441FEA664E0001BF9A /* CoreVideo.framework */,
				9416F4421FEA66490001BF9A /* CoreMedia.framework */,
				9416F4401FEA66430001BF9A /* CoreAudio.framework */,
				9416F43E1FEA663A0001BF9A /* AVFoundation.framework */,
				9416F43C1FEA66330001BF9A /* AudioToolbox.framework */,
				9416F43A1FEA662D0001BF9A /* GLKit.framework */,
				9416F4381FEA66250001BF9A /* CFNetwork.framework */,
				9416F4361FEA661D0001BF9A /* Security.framework */,
				9416F4341FEA66170001BF9A /* libsqlite3.tbd */,
				9416F4321FEA660E0001BF9A /* libicucore.tbd */,
				9416F4301FEA65F60001BF9A /* libc++.tbd */,
			);
			name = Frameworks;
			sourceTree = "<group>";
		};
		9416F4191FEA65830001BF9A /* WebRTC */ = {
			isa = PBXGroup;
			children = (
				9416F41A1FEA65830001BF9A /* WebRTC.h */,
				9416F41B1FEA65830001BF9A /* Info.plist */,
			);
			path = WebRTC;
			sourceTree = "<group>";
		};
/* End PBXGroup section */

/* Begin PBXHeadersBuildPhase section */
		9416F4151FEA65830001BF9A /* Headers */ = {
			isa = PBXHeadersBuildPhase;
			buildActionMask = 2147483647;
			files = (
				9416F4281FEA65830001BF9A /* WebRTC.h in Headers */,
			);
			runOnlyForDeploymentPostprocessing = 0;
		};
/* End PBXHeadersBuildPhase section */

/* Begin PBXNativeTarget section */
		9416F4171FEA65830001BF9A /* WebRTC */ = {
			isa = PBXNativeTarget;
			buildConfigurationList = 9416F4291FEA65830001BF9A /* Build configuration list for PBXNativeTarget "WebRTC" */;
			buildPhases = (
				9416F4131FEA65830001BF9A /* Sources */,
				9416F4141FEA65830001BF9A /* Frameworks */,
				9416F4151FEA65830001BF9A /* Headers */,
				9416F4161FEA65830001BF9A /* Resources */,
			);
			buildRules = (
			);
			dependencies = (
			);
			name = WebRTC;
			productName = WebRTC;
			productReference = 9416F4181FEA65830001BF9A /* WebRTC.framework */;
			productType = "com.apple.product-type.framework";
		};
/* End PBXNativeTarget section */

/* Begin PBXProject section */
		9416F39B1FEA5A150001BF9A /* Project object */ = {
			isa = PBXProject;
			attributes = {
				LastUpgradeCheck = 0920;
				TargetAttributes = {
					9416F4171FEA65830001BF9A = {
						CreatedOnToolsVersion = 9.2;
						ProvisioningStyle = Automatic;
					};
				};
			};
			buildConfigurationList = 9416F39E1FEA5A150001BF9A /* Build configuration list for PBXProject "WebRTC-Sockets" */;
			compatibilityVersion = "Xcode 8.0";
			developmentRegion = en;
			hasScannedForEncodings = 0;
			knownRegions = (
				en,
			);
			mainGroup = 9416F39A1FEA5A150001BF9A;
			productRefGroup = 9416F3CA1FEA5C580001BF9A /* Products */;
			projectDirPath = "";
			projectRoot = "";
			targets = (
				9416F4171FEA65830001BF9A /* WebRTC */,
			);
		};
/* End PBXProject section */

/* Begin PBXResourcesBuildPhase section */
		9416F4161FEA65830001BF9A /* Resources */ = {
			isa = PBXResourcesBuildPhase;
			buildActionMask = 2147483647;
			files = (
			);
			runOnlyForDeploymentPostprocessing = 0;
		};
/* End PBXResourcesBuildPhase section */

/* Begin PBXSourcesBuildPhase section */
		9416F4131FEA65830001BF9A /* Sources */ = {
			isa = PBXSourcesBuildPhase;
			buildActionMask = 2147483647;
			files = (
			);
			runOnlyForDeploymentPostprocessing = 0;
		};
/* End PBXSourcesBuildPhase section */

/* Begin XCBuildConfiguration section */
		9416F39F1FEA5A150001BF9A /* Debug */ = {
			isa = XCBuildConfiguration;
			buildSettings = {
			};
			name = Debug;
		};
		9416F3A01FEA5A150001BF9A /* Release */ = {
			isa = XCBuildConfiguration;
			buildSettings = {
			};
			name = Release;
		};
		9416F42A1FEA65830001BF9A /* Debug */ = {
			isa = XCBuildConfiguration;
			buildSettings = {
				ALWAYS_SEARCH_USER_PATHS = NO;
				CLANG_ANALYZER_NONNULL = YES;
				CLANG_ANALYZER_NUMBER_OBJECT_CONVERSION = YES_AGGRESSIVE;
				CLANG_CXX_LANGUAGE_STANDARD = "gnu++14";
				CLANG_CXX_LIBRARY = "libc++";
				CLANG_ENABLE_MODULES = YES;
				CLANG_ENABLE_OBJC_ARC = YES;
				CLANG_WARN_BLOCK_CAPTURE_AUTORELEASING = YES;
				CLANG_WARN_BOOL_CONVERSION = YES;
				CLANG_WARN_COMMA = YES;
				CLANG_WARN_CONSTANT_CONVERSION = YES;
				CLANG_WARN_DIRECT_OBJC_ISA_USAGE = YES_ERROR;
				CLANG_WARN_DOCUMENTATION_COMMENTS = YES;
				CLANG_WARN_EMPTY_BODY = YES;
				CLANG_WARN_ENUM_CONVERSION = YES;
				CLANG_WARN_INFINITE_RECURSION = YES;
				CLANG_WARN_INT_CONVERSION = YES;
				CLANG_WARN_NON_LITERAL_NULL_CONVERSION = YES;
				CLANG_WARN_OBJC_LITERAL_CONVERSION = YES;
				CLANG_WARN_OBJC_ROOT_CLASS = YES_ERROR;
				CLANG_WARN_RANGE_LOOP_ANALYSIS = YES;
				CLANG_WARN_STRICT_PROTOTYPES = YES;
				CLANG_WARN_SUSPICIOUS_MOVE = YES;
				CLANG_WARN_UNGUARDED_AVAILABILITY = YES_AGGRESSIVE;
				CLANG_WARN_UNREACHABLE_CODE = YES;
				CLANG_WARN__DUPLICATE_METHOD_MATCH = YES;
				CODE_SIGN_IDENTITY = "iPhone Developer";
				CODE_SIGN_STYLE = Automatic;
				COPY_PHASE_STRIP = NO;
				CURRENT_PROJECT_VERSION = 1;
				DEBUG_INFORMATION_FORMAT = dwarf;
				DEFINES_MODULE = YES;
				DYLIB_COMPATIBILITY_VERSION = 1;
				DYLIB_CURRENT_VERSION = 1;
				DYLIB_INSTALL_NAME_BASE = "@rpath";
				ENABLE_BITCODE = NO;
				ENABLE_STRICT_OBJC_MSGSEND = YES;
				ENABLE_TESTABILITY = YES;
				FRAMEWORK_SEARCH_PATHS = "\"$(SRCROOT)/libWebRTC.a\"";
				GCC_C_LANGUAGE_STANDARD = gnu11;
				GCC_DYNAMIC_NO_PIC = NO;
				GCC_NO_COMMON_BLOCKS = YES;
				GCC_OPTIMIZATION_LEVEL = 0;
				GCC_PREPROCESSOR_DEFINITIONS = (
					"DEBUG=1",
					"$(inherited)",
				);
				GCC_WARN_64_TO_32_BIT_CONVERSION = YES;
				GCC_WARN_ABOUT_RETURN_TYPE = YES_ERROR;
				GCC_WARN_UNDECLARED_SELECTOR = YES;
				GCC_WARN_UNINITIALIZED_AUTOS = YES_AGGRESSIVE;
				GCC_WARN_UNUSED_FUNCTION = YES;
				GCC_WARN_UNUSED_VARIABLE = YES;
				INFOPLIST_FILE = WebRTC/Info.plist;
				INSTALL_PATH = "$(LOCAL_LIBRARY_DIR)/Frameworks";
				IPHONEOS_DEPLOYMENT_TARGET = 11.2;
				LD_RUNPATH_SEARCH_PATHS = "$(inherited) @executable_path/Frameworks @loader_path/Frameworks";
				LIBRARY_SEARCH_PATHS = (
					"$(inherited)",
					"$(PROJECT_DIR)",
				);
				MTL_ENABLE_DEBUG_INFO = YES;
				ONLY_ACTIVE_ARCH = YES;
				OTHER_LDFLAGS = "-all_load";
				PRODUCT_BUNDLE_IDENTIFIER = houzz.WebRTC;
				PRODUCT_NAME = "$(TARGET_NAME:c99extidentifier)";
				SDKROOT = iphoneos;
				SKIP_INSTALL = YES;
				TARGETED_DEVICE_FAMILY = "1,2";
				VERSIONING_SYSTEM = "apple-generic";
				VERSION_INFO_PREFIX = "";
			};
			name = Debug;
		};
		9416F42B1FEA65830001BF9A /* Release */ = {
			isa = XCBuildConfiguration;
			buildSettings = {
				ALWAYS_SEARCH_USER_PATHS = NO;
				CLANG_ANALYZER_NONNULL = YES;
				CLANG_ANALYZER_NUMBER_OBJECT_CONVERSION = YES_AGGRESSIVE;
				CLANG_CXX_LANGUAGE_STANDARD = "gnu++14";
				CLANG_CXX_LIBRARY = "libc++";
				CLANG_ENABLE_MODULES = YES;
				CLANG_ENABLE_OBJC_ARC = YES;
				CLANG_WARN_BLOCK_CAPTURE_AUTORELEASING = YES;
				CLANG_WARN_BOOL_CONVERSION = YES;
				CLANG_WARN_COMMA = YES;
				CLANG_WARN_CONSTANT_CONVERSION = YES;
				CLANG_WARN_DIRECT_OBJC_ISA_USAGE = YES_ERROR;
				CLANG_WARN_DOCUMENTATION_COMMENTS = YES;
				CLANG_WARN_EMPTY_BODY = YES;
				CLANG_WARN_ENUM_CONVERSION = YES;
				CLANG_WARN_INFINITE_RECURSION = YES;
				CLANG_WARN_INT_CONVERSION = YES;
				CLANG_WARN_NON_LITERAL_NULL_CONVERSION = YES;
				CLANG_WARN_OBJC_LITERAL_CONVERSION = YES;
				CLANG_WARN_OBJC_ROOT_CLASS = YES_ERROR;
				CLANG_WARN_RANGE_LOOP_ANALYSIS = YES;
				CLANG_WARN_STRICT_PROTOTYPES = YES;
				CLANG_WARN_SUSPICIOUS_MOVE = YES;
				CLANG_WARN_UNGUARDED_AVAILABILITY = YES_AGGRESSIVE;
				CLANG_WARN_UNREACHABLE_CODE = YES;
				CLANG_WARN__DUPLICATE_METHOD_MATCH = YES;
				CODE_SIGN_IDENTITY = "iPhone Developer";
				CODE_SIGN_STYLE = Automatic;
				COPY_PHASE_STRIP = NO;
				CURRENT_PROJECT_VERSION = 1;
				DEBUG_INFORMATION_FORMAT = "dwarf-with-dsym";
				DEFINES_MODULE = YES;
				DYLIB_COMPATIBILITY_VERSION = 1;
				DYLIB_CURRENT_VERSION = 1;
				DYLIB_INSTALL_NAME_BASE = "@rpath";
				ENABLE_BITCODE = NO;
				ENABLE_NS_ASSERTIONS = NO;
				ENABLE_STRICT_OBJC_MSGSEND = YES;
				FRAMEWORK_SEARCH_PATHS = "\"$(SRCROOT)/libWebRTC.a\"";
				GCC_C_LANGUAGE_STANDARD = gnu11;
				GCC_NO_COMMON_BLOCKS = YES;
				GCC_WARN_64_TO_32_BIT_CONVERSION = YES;
				GCC_WARN_ABOUT_RETURN_TYPE = YES_ERROR;
				GCC_WARN_UNDECLARED_SELECTOR = YES;
				GCC_WARN_UNINITIALIZED_AUTOS = YES_AGGRESSIVE;
				GCC_WARN_UNUSED_FUNCTION = YES;
				GCC_WARN_UNUSED_VARIABLE = YES;
				INFOPLIST_FILE = WebRTC/Info.plist;
				INSTALL_PATH = "$(LOCAL_LIBRARY_DIR)/Frameworks";
				IPHONEOS_DEPLOYMENT_TARGET = 11.2;
				LD_RUNPATH_SEARCH_PATHS = "$(inherited) @executable_path/Frameworks @loader_path/Frameworks";
				LIBRARY_SEARCH_PATHS = (
					"$(inherited)",
					"$(PROJECT_DIR)",
				);
				MTL_ENABLE_DEBUG_INFO = NO;
				OTHER_LDFLAGS = "-all_load";
				PRODUCT_BUNDLE_IDENTIFIER = houzz.WebRTC;
				PRODUCT_NAME = "$(TARGET_NAME:c99extidentifier)";
				SDKROOT = iphoneos;
				SKIP_INSTALL = YES;
				TARGETED_DEVICE_FAMILY = "1,2";
				VALIDATE_PRODUCT = YES;
				VERSIONING_SYSTEM = "apple-generic";
				VERSION_INFO_PREFIX = "";
			};
			name = Release;
		};
/* End XCBuildConfiguration section */

/* Begin XCConfigurationList section */
		9416F39E1FEA5A150001BF9A /* Build configuration list for PBXProject "WebRTC-Sockets" */ = {
			isa = XCConfigurationList;
			buildConfigurations = (
				9416F39F1FEA5A150001BF9A /* Debug */,
				9416F3A01FEA5A150001BF9A /* Release */,
			);
			defaultConfigurationIsVisible = 0;
			defaultConfigurationName = Release;
		};
		9416F4291FEA65830001BF9A /* Build configuration list for PBXNativeTarget "WebRTC" */ = {
			isa = XCConfigurationList;
			buildConfigurations = (
				9416F42A1FEA65830001BF9A /* Debug */,
				9416F42B1FEA65830001BF9A /* Release */,
			);
			defaultConfigurationIsVisible = 0;
			defaultConfigurationName = Release;
		};
/* End XCConfigurationList section */
	};
	rootObject = 9416F39B1FEA5A150001BF9A /* Project object */;
}
